
Microsoft Visual Studio Solution File, Format Version 12.00
# Visual Studio Version 16
VisualStudioVersion = 16.0.31624.102
MinimumVisualStudioVersion = 10.0.40219.1
Project("{FAE04EC0-301F-11D3-BF4B-00C04F79EFBC}") = "463IslandPerimeter", "463IslandPerimeter\463IslandPerimeter.csproj", "{14101463-359B-426B-B7AF-6107F55FA4BA}"
EndProject
Project("{9A19103F-16F7-4668-BE54-9A1E7A4F7556}") = "79WordSearch", "79WordSearch\79WordSearch.csproj", "{08E0C05B-861D-426E-9D22-61A22A4921AC}"
EndProject
Project("{9A19103F-16F7-4668-BE54-9A1E7A4F7556}") = "208ImplementTrie-PrefixTree", "208ImplementTrie-PrefixTree\208ImplementTrie-PrefixTree.csproj", "{96DF7BE3-5DDB-4941-ADA7-DF8DE34E966A}"
EndProject
Project("{9A19103F-16F7-4668-BE54-9A1E7A4F7556}") = "543DiameterOfBinaryTree", "543DiameterOfBinaryTree\543DiameterOfBinaryTree.csproj", "{EB564B94-E2A7-4508-B45F-2CD29764EF84}"
EndProject
Project("{FAE04EC0-301F-11D3-BF4B-00C04F79EFBC}") = "374GuessNumberHigherOrLower", "374GuessNumberHigherOrLower\374GuessNumberHigherOrLower.csproj", "{A12AF54B-92C6-45A5-9C02-285E4F45379B}"
EndProject
Global
	GlobalSection(SolutionConfigurationPlatforms) = preSolution
		Debug|Any CPU = Debug|Any CPU
		Release|Any CPU = Release|Any CPU
	EndGlobalSection
	GlobalSection(ProjectConfigurationPlatforms) = postSolution
		{14101463-359B-426B-B7AF-6107F55FA4BA}.Debug|Any CPU.ActiveCfg = Debug|Any CPU
		{14101463-359B-426B-B7AF-6107F55FA4BA}.Debug|Any CPU.Build.0 = Debug|Any CPU
		{14101463-359B-426B-B7AF-6107F55FA4BA}.Release|Any CPU.ActiveCfg = Release|Any CPU
		{14101463-359B-426B-B7AF-6107F55FA4BA}.Release|Any CPU.Build.0 = Release|Any CPU
		{08E0C05B-861D-426E-9D22-61A22A4921AC}.Debug|Any CPU.ActiveCfg = Debug|Any CPU
		{08E0C05B-861D-426E-9D22-61A22A4921AC}.Debug|Any CPU.Build.0 = Debug|Any CPU
		{08E0C05B-861D-426E-9D22-61A22A4921AC}.Release|Any CPU.ActiveCfg = Release|Any CPU
		{08E0C05B-861D-426E-9D22-61A22A4921AC}.Release|Any CPU.Build.0 = Release|Any CPU
		{96DF7BE3-5DDB-4941-ADA7-DF8DE34E966A}.Debug|Any CPU.ActiveCfg = Debug|Any CPU
		{96DF7BE3-5DDB-4941-ADA7-DF8DE34E966A}.Debug|Any CPU.Build.0 = Debug|Any CPU
		{96DF7BE3-5DDB-4941-ADA7-DF8DE34E966A}.Release|Any CPU.ActiveCfg = Release|Any CPU
		{96DF7BE3-5DDB-4941-ADA7-DF8DE34E966A}.Release|Any CPU.Build.0 = Release|Any CPU
		{EB564B94-E2A7-4508-B45F-2CD29764EF84}.Debug|Any CPU.ActiveCfg = Debug|Any CPU
		{EB564B94-E2A7-4508-B45F-2CD29764EF84}.Debug|Any CPU.Build.0 = Debug|Any CPU
		{EB564B94-E2A7-4508-B45F-2CD29764EF84}.Release|Any CPU.ActiveCfg = Release|Any CPU
		{EB564B94-E2A7-4508-B45F-2CD29764EF84}.Release|Any CPU.Build.0 = Release|Any CPU
		{A12AF54B-92C6-45A5-9C02-285E4F45379B}.Debug|Any CPU.ActiveCfg = Debug|Any CPU
		{A12AF54B-92C6-45A5-9C02-285E4F45379B}.Debug|Any CPU.Build.0 = Debug|Any CPU
		{A12AF54B-92C6-45A5-9C02-285E4F45379B}.Release|Any CPU.ActiveCfg = Release|Any CPU
		{A12AF54B-92C6-45A5-9C02-285E4F45379B}.Release|Any CPU.Build.0 = Release|Any CPU
	EndGlobalSection
	GlobalSection(SolutionProperties) = preSolution
		HideSolutionNode = FALSE
	EndGlobalSection
	GlobalSection(ExtensibilityGlobals) = postSolution
		SolutionGuid = {619BDBB7-457D-4418-98BD-4CE4FD2D1345}
	EndGlobalSection
EndGlobal
